
Microsoft Visual Studio Solution File, Format Version 12.00
# Visual Studio Version 16
VisualStudioVersion = 16.0.28922.388
MinimumVisualStudioVersion = 10.0.40219.1
Project("{FAE04EC0-301F-11D3-BF4B-00C04F79EFBC}") = "Secao 14 - ExeProp-Class-196-Interface", "Secao 14 - ExeProp-Class-196-Interface\Secao 14 - ExeProp-Class-196-Interface.csproj", "{74BD6C45-EC46-4ECE-9835-126B97E4A4F3}"
EndProject
Global
	GlobalSection(SolutionConfigurationPlatforms) = preSolution
		Debug|Any CPU = Debug|Any CPU
		Release|Any CPU = Release|Any CPU
	EndGlobalSection
	GlobalSection(ProjectConfigurationPlatforms) = postSolution
		{74BD6C45-EC46-4ECE-9835-126B97E4A4F3}.Debug|Any CPU.ActiveCfg = Debug|Any CPU
		{74BD6C45-EC46-4ECE-9835-126B97E4A4F3}.Debug|Any CPU.Build.0 = Debug|Any CPU
		{74BD6C45-EC46-4ECE-9835-126B97E4A4F3}.Release|Any CPU.ActiveCfg = Release|Any CPU
		{74BD6C45-EC46-4ECE-9835-126B97E4A4F3}.Release|Any CPU.Build.0 = Release|Any CPU
	EndGlobalSection
	GlobalSection(SolutionProperties) = preSolution
		HideSolutionNode = FALSE
	EndGlobalSection
	GlobalSection(ExtensibilityGlobals) = postSolution
		SolutionGuid = {3A7BB721-8142-4865-A3BA-413195398A7E}
	EndGlobalSection
EndGlobal
